PODS:
  - Alamofire (5.6.2)
  - AlamofireRSSParser (2.4.0):
    - Alamofire (~> 5.0)

DEPENDENCIES:
  - AlamofireRSSParser (from `../`)

SPEC REPOS:
  https://github.com/CocoaPods/Specs.git:
    - Alamofire

EXTERNAL SOURCES:
  AlamofireRSSParser:
    :path: "../"

SPEC CHECKSUMS:
  Alamofire: d368e1ff8a298e6dde360e35a3e68e6c610e7204
  AlamofireRSSParser: dab86644d4d220b313767c33ef09e7acf11f641a

PODFILE CHECKSUM: 8523def88c0f8a0aa15e6b30525ff47cbc01d09c

COCOAPODS: 1.11.3
