// !$*UTF8*$!
{
	archiveVersion = 1;
	classes = {
	};
	objectVersion = 56;
	objects = {

/* Begin PBXBuildFile section */
		F20AD46428D92847000A713F /* AppDelegate.swift in Sources */ = {isa = PBXBuildFile; fileRef = F20AD46328D92847000A713F /* AppDelegate.swift */; };
		F20AD46828D92847000A713F /* ViewController.swift in Sources */ = {isa = PBXBuildFile; fileRef = F20AD46728D92847000A713F /* ViewController.swift */; };
		F20AD48328D92992000A713F /* LaunchScreen.xib in Resources */ = {isa = PBXBuildFile; fileRef = F20AD47F28D92991000A713F /* LaunchScreen.xib */; };
		F20AD48428D92992000A713F /* Main.storyboard in Resources */ = {isa = PBXBuildFile; fileRef = F20AD48128D92991000A713F /* Main.storyboard */; };
		F28A8C5A28D934A2006B4170 /* AlamofireRSSParser in Frameworks */ = {isa = PBXBuildFile; productRef = F28A8C5928D934A2006B4170 /* AlamofireRSSParser */; };
/* End PBXBuildFile section */

/* Begin PBXFileReference section */
		F20AD46028D92847000A713F /* AlamofireRSSParserSPMExample.app */ = {isa = PBXFileReference; explicitFileType = wrapper.application; includeInIndex = 0; path = AlamofireRSSParserSPMExample.app; sourceTree = BUILT_PRODUCTS_DIR; };
		F20AD46328D92847000A713F /* AppDelegate.swift */ = {isa = PBXFileReference; lastKnownFileType = sourcecode.swift; path = AppDelegate.swift; sourceTree = "<group>"; };
		F20AD46728D92847000A713F /* ViewController.swift */ = {isa = PBXFileReference; lastKnownFileType = sourcecode.swift; path = ViewController.swift; sourceTree = "<group>"; };
		F20AD47128D92849000A713F /* Info.plist */ = {isa = PBXFileReference; lastKnownFileType = text.plist.xml; path = Info.plist; sourceTree = "<group>"; };
		F20AD48028D92991000A713F /* Base */ = {isa = PBXFileReference; lastKnownFileType = file.xib; name = Base; path = LaunchScreen.xib; sourceTree = "<group>"; };
		F20AD48228D92991000A713F /* Base */ = {isa = PBXFileReference; lastKnownFileType = file.storyboard; name = Base; path = Main.storyboard; sourceTree = "<group>"; };
/* End PBXFileReference section */

/* Begin PBXFrameworksBuildPhase section */
		F20AD45D28D92847000A713F /* Frameworks */ = {
			isa = PBXFrameworksBuildPhase;
			buildActionMask = 2147483647;
			files = (
				F28A8C5A28D934A2006B4170 /* AlamofireRSSParser in Frameworks */,
			);
			runOnlyForDeploymentPostprocessing = 0;
		};
/* End PBXFrameworksBuildPhase section */

/* Begin PBXGroup section */
		F20AD45728D92847000A713F = {
			isa = PBXGroup;
			children = (
				F20AD46228D92847000A713F /* AlamofireRSSParserSPMExample */,
				F20AD46128D92847000A713F /* Products */,
			);
			sourceTree = "<group>";
		};
		F20AD46128D92847000A713F /* Products */ = {
			isa = PBXGroup;
			children = (
				F20AD46028D92847000A713F /* AlamofireRSSParserSPMExample.app */,
			);
			name = Products;
			sourceTree = "<group>";
		};
		F20AD46228D92847000A713F /* AlamofireRSSParserSPMExample */ = {
			isa = PBXGroup;
			children = (
				F20AD47E28D92991000A713F /* Base.lproj */,
				F20AD46328D92847000A713F /* AppDelegate.swift */,
				F20AD46728D92847000A713F /* ViewController.swift */,
				F20AD47128D92849000A713F /* Info.plist */,
			);
			path = AlamofireRSSParserSPMExample;
			sourceTree = "<group>";
		};
		F20AD47E28D92991000A713F /* Base.lproj */ = {
			isa = PBXGroup;
			children = (
				F20AD47F28D92991000A713F /* LaunchScreen.xib */,
				F20AD48128D92991000A713F /* Main.storyboard */,
			);
			path = Base.lproj;
			sourceTree = "<group>";
		};
/* End PBXGroup section */

/* Begin PBXNativeTarget section */
		F20AD45F28D92847000A713F /* AlamofireRSSParserSPMExample */ = {
			isa = PBXNativeTarget;
			buildConfigurationList = F20AD47428D92849000A713F /* Build configuration list for PBXNativeTarget "AlamofireRSSParserSPMExample" */;
			buildPhases = (
				F20AD45C28D92847000A713F /* Sources */,
				F20AD45D28D92847000A713F /* Frameworks */,
				F20AD45E28D92847000A713F /* Resources */,
			);
			buildRules = (
			);
			dependencies = (
			);
			name = AlamofireRSSParserSPMExample;
			packageProductDependencies = (
				F28A8C5928D934A2006B4170 /* AlamofireRSSParser */,
			);
			productName = AlamofireRSSParserSPMExample;
			productReference = F20AD46028D92847000A713F /* AlamofireRSSParserSPMExample.app */;
			productType = "com.apple.product-type.application";
		};
/* End PBXNativeTarget section */

/* Begin PBXProject section */
		F20AD45828D92847000A713F /* Project object */ = {
			isa = PBXProject;
			attributes = {
				BuildIndependentTargetsInParallel = 1;
				LastSwiftUpdateCheck = 1400;
				LastUpgradeCheck = 1400;
				TargetAttributes = {
					F20AD45F28D92847000A713F = {
						CreatedOnToolsVersion = 14.0;
					};
				};
			};
			buildConfigurationList = F20AD45B28D92847000A713F /* Build configuration list for PBXProject "AlamofireRSSParserSPMExample" */;
			compatibilityVersion = "Xcode 14.0";
			developmentRegion = en;
			hasScannedForEncodings = 0;
			knownRegions = (
				en,
				Base,
			);
			mainGroup = F20AD45728D92847000A713F;
			packageReferences = (
				F28A8C5828D934A2006B4170 /* XCRemoteSwiftPackageReference "AlamofireRSSParser" */,
			);
			productRefGroup = F20AD46128D92847000A713F /* Products */;
			projectDirPath = "";
			projectRoot = "";
			targets = (
				F20AD45F28D92847000A713F /* AlamofireRSSParserSPMExample */,
			);
		};
/* End PBXProject section */

/* Begin PBXResourcesBuildPhase section */
		F20AD45E28D92847000A713F /* Resources */ = {
			isa = PBXResourcesBuildPhase;
			buildActionMask = 2147483647;
			files = (
				F20AD48328D92992000A713F /* LaunchScreen.xib in Resources */,
				F20AD48428D92992000A713F /* Main.storyboard in Resources */,
			);
			runOnlyForDeploymentPostprocessing = 0;
		};
/* End PBXResourcesBuildPhase section */

/* Begin PBXSourcesBuildPhase section */
		F20AD45C28D92847000A713F /* Sources */ = {
			isa = PBXSourcesBuildPhase;
			buildActionMask = 2147483647;
			files = (
				F20AD46828D92847000A713F /* ViewController.swift in Sources */,
				F20AD46428D92847000A713F /* AppDelegate.swift in Sources */,
			);
			runOnlyForDeploymentPostprocessing = 0;
		};
/* End PBXSourcesBuildPhase section */

/* Begin PBXVariantGroup section */
		F20AD47F28D92991000A713F /* LaunchScreen.xib */ = {
			isa = PBXVariantGroup;
			children = (
				F20AD48028D92991000A713F /* Base */,
			);
			name = LaunchScreen.xib;
			sourceTree = "<group>";
		};
		F20AD48128D92991000A713F /* Main.storyboard */ = {
			isa = PBXVariantGroup;
			children = (
				F20AD48228D92991000A713F /* Base */,
			);
			name = Main.storyboard;
			sourceTree = "<group>";
		};
/* End PBXVariantGroup section */

/* Begin XCBuildConfiguration section */
		F20AD47228D92849000A713F /* Debug */ = {
			isa = XCBuildConfiguration;
			buildSettings = {
				ALWAYS_SEARCH_USER_PATHS = NO;
				CLANG_ANALYZER_NONNULL = YES;
				CLANG_ANALYZER_NUMBER_OBJECT_CONVERSION = YES_AGGRESSIVE;
				CLANG_CXX_LANGUAGE_STANDARD = "gnu++20";
				CLANG_ENABLE_MODULES = YES;
				CLANG_ENABLE_OBJC_ARC = YES;
				CLANG_ENABLE_OBJC_WEAK = YES;
				CLANG_WARN_BLOCK_CAPTURE_AUTORELEASING = YES;
				CLANG_WARN_BOOL_CONVERSION = YES;
				CLANG_WARN_COMMA = YES;
				CLANG_WARN_CONSTANT_CONVERSION = YES;
				CLANG_WARN_DEPRECATED_OBJC_IMPLEMENTATIONS = YES;
				CLANG_WARN_DIRECT_OBJC_ISA_USAGE = YES_ERROR;
				CLANG_WARN_DOCUMENTATION_COMMENTS = YES;
				CLANG_WARN_EMPTY_BODY = YES;
				CLANG_WARN_ENUM_CONVERSION = YES;
				CLANG_WARN_INFINITE_RECURSION = YES;
				CLANG_WARN_INT_CONVERSION = YES;
				CLANG_WARN_NON_LITERAL_NULL_CONVERSION = YES;
				CLANG_WARN_OBJC_IMPLICIT_RETAIN_SELF = YES;
				CLANG_WARN_OBJC_LITERAL_CONVERSION = YES;
				CLANG_WARN_OBJC_ROOT_CLASS = YES_ERROR;
				CLANG_WARN_QUOTED_INCLUDE_IN_FRAMEWORK_HEADER = YES;
				CLANG_WARN_RANGE_LOOP_ANALYSIS = YES;
				CLANG_WARN_STRICT_PROTOTYPES = YES;
				CLANG_WARN_SUSPICIOUS_MOVE = YES;
				CLANG_WARN_UNGUARDED_AVAILABILITY = YES_AGGRESSIVE;
				CLANG_WARN_UNREACHABLE_CODE = YES;
				CLANG_WARN__DUPLICATE_METHOD_MATCH = YES;
				COPY_PHASE_STRIP = NO;
				DEBUG_INFORMATION_FORMAT = dwarf;
				ENABLE_STRICT_OBJC_MSGSEND = YES;
				ENABLE_TESTABILITY = YES;
				GCC_C_LANGUAGE_STANDARD = gnu11;
				GCC_DYNAMIC_NO_PIC = NO;
				GCC_NO_COMMON_BLOCKS = YES;
				GCC_OPTIMIZATION_LEVEL = 0;
				GCC_PREPROCESSOR_DEFINITIONS = (
					"DEBUG=1",
					"$(inherited)",
				);
				GCC_WARN_64_TO_32_BIT_CONVERSION = YES;
				GCC_WARN_ABOUT_RETURN_TYPE = YES_ERROR;
				GCC_WARN_UNDECLARED_SELECTOR = YES;
				GCC_WARN_UNINITIALIZED_AUTOS = YES_AGGRESSIVE;
				GCC_WARN_UNUSED_FUNCTION = YES;
				GCC_WARN_UNUSED_VARIABLE = YES;
				IPHONEOS_DEPLOYMENT_TARGET = 16.0;
				MTL_ENABLE_DEBUG_INFO = INCLUDE_SOURCE;
				MTL_FAST_MATH = YES;
				ONLY_ACTIVE_ARCH = YES;
				SDKROOT = iphoneos;
				SWIFT_ACTIVE_COMPILATION_CONDITIONS = DEBUG;
				SWIFT_OPTIMIZATION_LEVEL = "-Onone";
			};
			name = Debug;
		};
		F20AD47328D92849000A713F /* Release */ = {
			isa = XCBuildConfiguration;
			buildSettings = {
				ALWAYS_SEARCH_USER_PATHS = NO;
				CLANG_ANALYZER_NONNULL = YES;
				CLANG_ANALYZER_NUMBER_OBJECT_CONVERSION = YES_AGGRESSIVE;
				CLANG_CXX_LANGUAGE_STANDARD = "gnu++20";
				CLANG_ENABLE_MODULES = YES;
				CLANG_ENABLE_OBJC_ARC = YES;
				CLANG_ENABLE_OBJC_WEAK = YES;
				CLANG_WARN_BLOCK_CAPTURE_AUTORELEASING = YES;
				CLANG_WARN_BOOL_CONVERSION = YES;
				CLANG_WARN_COMMA = YES;
				CLANG_WARN_CONSTANT_CONVERSION = YES;
				CLANG_WARN_DEPRECATED_OBJC_IMPLEMENTATIONS = YES;
				CLANG_WARN_DIRECT_OBJC_ISA_USAGE = YES_ERROR;
				CLANG_WARN_DOCUMENTATION_COMMENTS = YES;
				CLANG_WARN_EMPTY_BODY = YES;
				CLANG_WARN_ENUM_CONVERSION = YES;
				CLANG_WARN_INFINITE_RECURSION = YES;
				CLANG_WARN_INT_CONVERSION = YES;
				CLANG_WARN_NON_LITERAL_NULL_CONVERSION = YES;
				CLANG_WARN_OBJC_IMPLICIT_RETAIN_SELF = YES;
				CLANG_WARN_OBJC_LITERAL_CONVERSION = YES;
				CLANG_WARN_OBJC_ROOT_CLASS = YES_ERROR;
				CLANG_WARN_QUOTED_INCLUDE_IN_FRAMEWORK_HEADER = YES;
				CLANG_WARN_RANGE_LOOP_ANALYSIS = YES;
				CLANG_WARN_STRICT_PROTOTYPES = YES;
				CLANG_WARN_SUSPICIOUS_MOVE = YES;
				CLANG_WARN_UNGUARDED_AVAILABILITY = YES_AGGRESSIVE;
				CLANG_WARN_UNREACHABLE_CODE = YES;
				CLANG_WARN__DUPLICATE_METHOD_MATCH = YES;
				COPY_PHASE_STRIP = NO;
				DEBUG_INFORMATION_FORMAT = "dwarf-with-dsym";
				ENABLE_NS_ASSERTIONS = NO;
				ENABLE_STRICT_OBJC_MSGSEND = YES;
				GCC_C_LANGUAGE_STANDARD = gnu11;
				GCC_NO_COMMON_BLOCKS = YES;
				GCC_WARN_64_TO_32_BIT_CONVERSION = YES;
				GCC_WARN_ABOUT_RETURN_TYPE = YES_ERROR;
				GCC_WARN_UNDECLARED_SELECTOR = YES;
				GCC_WARN_UNINITIALIZED_AUTOS = YES_AGGRESSIVE;
				GCC_WARN_UNUSED_FUNCTION = YES;
				GCC_WARN_UNUSED_VARIABLE = YES;
				IPHONEOS_DEPLOYMENT_TARGET = 16.0;
				MTL_ENABLE_DEBUG_INFO = NO;
				MTL_FAST_MATH = YES;
				SDKROOT = iphoneos;
				SWIFT_COMPILATION_MODE = wholemodule;
				SWIFT_OPTIMIZATION_LEVEL = "-O";
				VALIDATE_PRODUCT = YES;
			};
			name = Release;
		};
		F20AD47528D92849000A713F /* Debug */ = {
			isa = XCBuildConfiguration;
			buildSettings = {
				ASSETCATALOG_COMPILER_APPICON_NAME = AppIcon;
				ASSETCATALOG_COMPILER_GLOBAL_ACCENT_COLOR_NAME = AccentColor;
				CODE_SIGN_STYLE = Automatic;
				CURRENT_PROJECT_VERSION = 1;
				DEVELOPMENT_TEAM = LLA58C9497;
				GENERATE_INFOPLIST_FILE = YES;
				INFOPLIST_FILE = AlamofireRSSParserSPMExample/Info.plist;
				INFOPLIST_KEY_UIApplicationSupportsIndirectInputEvents = YES;
				INFOPLIST_KEY_UILaunchStoryboardName = LaunchScreen;
				INFOPLIST_KEY_UIMainStoryboardFile = Main;
				INFOPLIST_KEY_UISupportedInterfaceOrientations_iPad = "UIInterfaceOrientationPortrait UIInterfaceOrientationPortraitUpsideDown UIInterfaceOrientationLandscapeLeft UIInterfaceOrientationLandscapeRight";
				INFOPLIST_KEY_UISupportedInterfaceOrientations_iPhone = "UIInterfaceOrientationPortrait UIInterfaceOrientationLandscapeLeft UIInterfaceOrientationLandscapeRight";
				LD_RUNPATH_SEARCH_PATHS = (
					"$(inherited)",
					"@executable_path/Frameworks",
				);
				MARKETING_VERSION = 1.0;
				PRODUCT_BUNDLE_IDENTIFIER = com.donangelillo.AlamofireRSSParserSPMExample;
				PRODUCT_NAME = "$(TARGET_NAME)";
				SWIFT_EMIT_LOC_STRINGS = YES;
				SWIFT_VERSION = 5.0;
				TARGETED_DEVICE_FAMILY = "1,2";
			};
			name = Debug;
		};
		F20AD47628D92849000A713F /* Release */ = {
			isa = XCBuildConfiguration;
			buildSettings = {
				ASSETCATALOG_COMPILER_APPICON_NAME = AppIcon;
				ASSETCATALOG_COMPILER_GLOBAL_ACCENT_COLOR_NAME = AccentColor;
				CODE_SIGN_STYLE = Automatic;
				CURRENT_PROJECT_VERSION = 1;
				DEVELOPMENT_TEAM = LLA58C9497;
				GENERATE_INFOPLIST_FILE = YES;
				INFOPLIST_FILE = AlamofireRSSParserSPMExample/Info.plist;
				INFOPLIST_KEY_UIApplicationSupportsIndirectInputEvents = YES;
				INFOPLIST_KEY_UILaunchStoryboardName = LaunchScreen;
				INFOPLIST_KEY_UIMainStoryboardFile = Main;
				INFOPLIST_KEY_UISupportedInterfaceOrientations_iPad = "UIInterfaceOrientationPortrait UIInterfaceOrientationPortraitUpsideDown UIInterfaceOrientationLandscapeLeft UIInterfaceOrientationLandscapeRight";
				INFOPLIST_KEY_UISupportedInterfaceOrientations_iPhone = "UIInterfaceOrientationPortrait UIInterfaceOrientationLandscapeLeft UIInterfaceOrientationLandscapeRight";
				LD_RUNPATH_SEARCH_PATHS = (
					"$(inherited)",
					"@executable_path/Frameworks",
				);
				MARKETING_VERSION = 1.0;
				PRODUCT_BUNDLE_IDENTIFIER = com.donangelillo.AlamofireRSSParserSPMExample;
				PRODUCT_NAME = "$(TARGET_NAME)";
				SWIFT_EMIT_LOC_STRINGS = YES;
				SWIFT_VERSION = 5.0;
				TARGETED_DEVICE_FAMILY = "1,2";
			};
			name = Release;
		};
/* End XCBuildConfiguration section */

/* Begin XCConfigurationList section */
		F20AD45B28D92847000A713F /* Build configuration list for PBXProject "AlamofireRSSParserSPMExample" */ = {
			isa = XCConfigurationList;
			buildConfigurations = (
				F20AD47228D92849000A713F /* Debug */,
				F20AD47328D92849000A713F /* Release */,
			);
			defaultConfigurationIsVisible = 0;
			defaultConfigurationName = Release;
		};
		F20AD47428D92849000A713F /* Build configuration list for PBXNativeTarget "AlamofireRSSParserSPMExample" */ = {
			isa = XCConfigurationList;
			buildConfigurations = (
				F20AD47528D92849000A713F /* Debug */,
				F20AD47628D92849000A713F /* Release */,
			);
			defaultConfigurationIsVisible = 0;
			defaultConfigurationName = Release;
		};
/* End XCConfigurationList section */

/* Begin XCRemoteSwiftPackageReference section */
		F28A8C5828D934A2006B4170 /* XCRemoteSwiftPackageReference "AlamofireRSSParser" */ = {
			isa = XCRemoteSwiftPackageReference;
			repositoryURL = "https://github.com/AdeptusAstartes/AlamofireRSSParser/";
			requirement = {
				kind = upToNextMajorVersion;
				minimumVersion = 4.0.0;
			};
		};
/* End XCRemoteSwiftPackageReference section */

/* Begin XCSwiftPackageProductDependency section */
		F28A8C5928D934A2006B4170 /* AlamofireRSSParser */ = {
			isa = XCSwiftPackageProductDependency;
			package = F28A8C5828D934A2006B4170 /* XCRemoteSwiftPackageReference "AlamofireRSSParser" */;
			productName = AlamofireRSSParser;
		};
/* End XCSwiftPackageProductDependency section */
	};
	rootObject = F20AD45828D92847000A713F /* Project object */;
}
