{
  "pins" : [
    {
      "identity" : "alamofire",
      "kind" : "remoteSourceControl",
      "location" : "https://github.com/Alamofire/Alamofire.git",
      "state" : {
        "revision" : "8dd85aee02e39dd280c75eef88ffdb86eed4b07b",
        "version" : "5.6.2"
      }
    },
    {
      "identity" : "alamofirerssparser",
      "kind" : "remoteSourceControl",
      "location" : "https://github.com/AdeptusAstartes/AlamofireRSSParser.git",
      "state" : {
        "revision" : "c4f21caae1bb49987285eaa261da8e7caf275ac3",
        "version" : "3.0.0"
      }
    }
  ],
  "version" : 2
}
